{
  "name": "testplace",
  "version": "1.0.0",
  "lockfileVersion": 2,
  "requires": true,
  "packages": {
    "": {
      "name": "testplace",
      "version": "1.0.0",
      "license": "ISC",
      "dependencies": {
        "@npmcli/fs": "github:npm/fs",
        "fs": "^0.0.1-security"
      }
    },
    "node_modules/@gar/promisify": {
      "version": "1.1.3",
      "resolved": "https://registry.npmjs.org/@gar/promisify/-/promisify-1.1.3.tgz",
      "integrity": "sha512-k2Ty1JcVojjJFwrg/ThKi2ujJ7XNLYaFGNB/bWT9wGR+oSMJHMa5w+CUq6p/pVrKeNNgA7pCqEcjSnHVoqJQFw=="
    },
    "node_modules/@npmcli/fs": {
      "version": "2.1.0",
      "resolved": "git+ssh://git@github.com/npm/fs.git#041102aae3849d0e9e7a8e6ac26cf84882bde18b",
      "license": "ISC",
      "dependencies": {
        "@gar/promisify": "^1.1.3",
        "semver": "^7.3.5"
      },
      "engines": {
        "node": "^12.13.0 || ^14.15.0 || >=16.0.0"
      }
    },
    "node_modules/fs": {
      "version": "0.0.1-security",
      "resolved": "https://registry.npmjs.org/fs/-/fs-0.0.1-security.tgz",
      "integrity": "sha1-invTcYa23d84E/I4WLV+yq9eQdQ="
    },
    "node_modules/lru-cache": {
      "version": "7.8.1",
      "resolved": "https://registry.npmjs.org/lru-cache/-/lru-cache-7.8.1.tgz",
      "integrity": "sha512-E1v547OCgJvbvevfjgK9sNKIVXO96NnsTsFPBlg4ZxjhsJSODoH9lk8Bm0OxvHNm6Vm5Yqkl/1fErDxhYL8Skg==",
      "engines": {
        "node": ">=12"
      }
    },
    "node_modules/semver": {
      "version": "7.3.6",
      "resolved": "https://registry.npmjs.org/semver/-/semver-7.3.6.tgz",
      "integrity": "sha512-HZWqcgwLsjaX1HBD31msI/rXktuIhS+lWvdE4kN9z+8IVT4Itc7vqU2WvYsyD6/sjYCt4dEKH/m1M3dwI9CC5w==",
      "dependencies": {
        "lru-cache": "^7.4.0"
      },
      "bin": {
        "semver": "bin/semver.js"
      },
      "engines": {
        "node": "^10.0.0 || ^12.0.0 || ^14.0.0 || >=16.0.0"
      }
    }
  },
  "dependencies": {
    "@gar/promisify": {
      "version": "1.1.3",
      "resolved": "https://registry.npmjs.org/@gar/promisify/-/promisify-1.1.3.tgz",
      "integrity": "sha512-k2Ty1JcVojjJFwrg/ThKi2ujJ7XNLYaFGNB/bWT9wGR+oSMJHMa5w+CUq6p/pVrKeNNgA7pCqEcjSnHVoqJQFw=="
    },
    "@npmcli/fs": {
      "version": "git+ssh://git@github.com/npm/fs.git#041102aae3849d0e9e7a8e6ac26cf84882bde18b",
      "from": "@npmcli/fs@github:npm/fs",
      "requires": {
        "@gar/promisify": "^1.1.3",
        "semver": "^7.3.5"
      }
    },
    "fs": {
      "version": "0.0.1-security",
      "resolved": "https://registry.npmjs.org/fs/-/fs-0.0.1-security.tgz",
      "integrity": "sha1-invTcYa23d84E/I4WLV+yq9eQdQ="
    },
    "lru-cache": {
      "version": "7.8.1",
      "resolved": "https://registry.npmjs.org/lru-cache/-/lru-cache-7.8.1.tgz",
      "integrity": "sha512-E1v547OCgJvbvevfjgK9sNKIVXO96NnsTsFPBlg4ZxjhsJSODoH9lk8Bm0OxvHNm6Vm5Yqkl/1fErDxhYL8Skg=="
    },
    "semver": {
      "version": "7.3.6",
      "resolved": "https://registry.npmjs.org/semver/-/semver-7.3.6.tgz",
      "integrity": "sha512-HZWqcgwLsjaX1HBD31msI/rXktuIhS+lWvdE4kN9z+8IVT4Itc7vqU2WvYsyD6/sjYCt4dEKH/m1M3dwI9CC5w==",
      "requires": {
        "lru-cache": "^7.4.0"
      }
    }
  }
}
